
Microsoft Visual Studio Solution File, Format Version 12.00
# Visual Studio Version 17
VisualStudioVersion = 17.1.32421.90
MinimumVisualStudioVersion = 10.0.40219.1
Project("{9A19103F-16F7-4668-BE54-9A1E7A4F7556}") = "API", "API\API.csproj", "{391840F1-0D19-4EBB-8D1B-1ED9195C92BD}"
EndProject
Project("{9A19103F-16F7-4668-BE54-9A1E7A4F7556}") = "DomainLayer", "DomainLayer\DomainLayer.csproj", "{862D4442-5F5C-4828-919A-46491EE1A105}"
EndProject
Project("{9A19103F-16F7-4668-BE54-9A1E7A4F7556}") = "RepositoryLayer", "RepositoryLayer\RepositoryLayer.csproj", "{00618233-9A3F-475B-A201-AFBC45DB5BC8}"
EndProject
Project("{9A19103F-16F7-4668-BE54-9A1E7A4F7556}") = "ServiceLayer", "ServiceLayer\ServiceLayer.csproj", "{C4D860DA-C3A6-4780-B069-20AD0B331DEE}"
EndProject
Global
	GlobalSection(SolutionConfigurationPlatforms) = preSolution
		Debug|Any CPU = Debug|Any CPU
		Release|Any CPU = Release|Any CPU
	EndGlobalSection
	GlobalSection(ProjectConfigurationPlatforms) = postSolution
		{391840F1-0D19-4EBB-8D1B-1ED9195C92BD}.Debug|Any CPU.ActiveCfg = Debug|Any CPU
		{391840F1-0D19-4EBB-8D1B-1ED9195C92BD}.Debug|Any CPU.Build.0 = Debug|Any CPU
		{391840F1-0D19-4EBB-8D1B-1ED9195C92BD}.Release|Any CPU.ActiveCfg = Release|Any CPU
		{391840F1-0D19-4EBB-8D1B-1ED9195C92BD}.Release|Any CPU.Build.0 = Release|Any CPU
		{862D4442-5F5C-4828-919A-46491EE1A105}.Debug|Any CPU.ActiveCfg = Debug|Any CPU
		{862D4442-5F5C-4828-919A-46491EE1A105}.Debug|Any CPU.Build.0 = Debug|Any CPU
		{862D4442-5F5C-4828-919A-46491EE1A105}.Release|Any CPU.ActiveCfg = Release|Any CPU
		{862D4442-5F5C-4828-919A-46491EE1A105}.Release|Any CPU.Build.0 = Release|Any CPU
		{00618233-9A3F-475B-A201-AFBC45DB5BC8}.Debug|Any CPU.ActiveCfg = Debug|Any CPU
		{00618233-9A3F-475B-A201-AFBC45DB5BC8}.Debug|Any CPU.Build.0 = Debug|Any CPU
		{00618233-9A3F-475B-A201-AFBC45DB5BC8}.Release|Any CPU.ActiveCfg = Release|Any CPU
		{00618233-9A3F-475B-A201-AFBC45DB5BC8}.Release|Any CPU.Build.0 = Release|Any CPU
		{C4D860DA-C3A6-4780-B069-20AD0B331DEE}.Debug|Any CPU.ActiveCfg = Debug|Any CPU
		{C4D860DA-C3A6-4780-B069-20AD0B331DEE}.Debug|Any CPU.Build.0 = Debug|Any CPU
		{C4D860DA-C3A6-4780-B069-20AD0B331DEE}.Release|Any CPU.ActiveCfg = Release|Any CPU
		{C4D860DA-C3A6-4780-B069-20AD0B331DEE}.Release|Any CPU.Build.0 = Release|Any CPU
	EndGlobalSection
	GlobalSection(SolutionProperties) = preSolution
		HideSolutionNode = FALSE
	EndGlobalSection
	GlobalSection(ExtensibilityGlobals) = postSolution
		SolutionGuid = {373AAABE-28B1-433C-85D5-A4DBA798D5A6}
	EndGlobalSection
EndGlobal
